// !$*UTF8*$!
{
	archiveVersion = 1;
	classes = {
	};
	objectVersion = 46;
	objects = {

/* Begin PBXBuildFile section */
		A4732A23C446492390251901 /* libPods.a in Frameworks */ = {isa = PBXBuildFile; fileRef = D90E10D4CEC64DFC942B1907 /* libPods.a */; };
		C2F9D5471639CBEF00D588A4 /* UIKit.framework in Frameworks */ = {isa = PBXBuildFile; fileRef = C2F9D5461639CBEF00D588A4 /* UIKit.framework */; };
		C2F9D5491639CBEF00D588A4 /* Foundation.framework in Frameworks */ = {isa = PBXBuildFile; fileRef = C2F9D5481639CBEF00D588A4 /* Foundation.framework */; };
		C2F9D54B1639CBEF00D588A4 /* CoreGraphics.framework in Frameworks */ = {isa = PBXBuildFile; fileRef = C2F9D54A1639CBEF00D588A4 /* CoreGraphics.framework */; };
		C2F9D5511639CBEF00D588A4 /* InfoPlist.strings in Resources */ = {isa = PBXBuildFile; fileRef = C2F9D54F1639CBEF00D588A4 /* InfoPlist.strings */; };
		C2F9D5531639CBEF00D588A4 /* main.m in Sources */ = {isa = PBXBuildFile; fileRef = C2F9D5521639CBEF00D588A4 /* main.m */; };
		C2F9D5571639CBEF00D588A4 /* MTAppDelegate.m in Sources */ = {isa = PBXBuildFile; fileRef = C2F9D5561639CBEF00D588A4 /* MTAppDelegate.m */; };
		C2F9D5591639CBEF00D588A4 /* Default.png in Resources */ = {isa = PBXBuildFile; fileRef = C2F9D5581639CBEF00D588A4 /* Default.png */; };
		C2F9D55B1639CBEF00D588A4 /* Default@2x.png in Resources */ = {isa = PBXBuildFile; fileRef = C2F9D55A1639CBEF00D588A4 /* Default@2x.png */; };
		C2F9D55D1639CBEF00D588A4 /* Default-568h@2x.png in Resources */ = {isa = PBXBuildFile; fileRef = C2F9D55C1639CBEF00D588A4 /* Default-568h@2x.png */; };
		C2F9D5601639CBEF00D588A4 /* MainStoryboard_iPhone.storyboard in Resources */ = {isa = PBXBuildFile; fileRef = C2F9D55E1639CBEF00D588A4 /* MainStoryboard_iPhone.storyboard */; };
		C2F9D5631639CBEF00D588A4 /* MainStoryboard_iPad.storyboard in Resources */ = {isa = PBXBuildFile; fileRef = C2F9D5611639CBEF00D588A4 /* MainStoryboard_iPad.storyboard */; };
		C2F9D5661639CBEF00D588A4 /* MTViewController.m in Sources */ = {isa = PBXBuildFile; fileRef = C2F9D5651639CBEF00D588A4 /* MTViewController.m */; };
		C2F9D56E1639CBEF00D588A4 /* SenTestingKit.framework in Frameworks */ = {isa = PBXBuildFile; fileRef = C2F9D56D1639CBEF00D588A4 /* SenTestingKit.framework */; };
		C2F9D56F1639CBEF00D588A4 /* UIKit.framework in Frameworks */ = {isa = PBXBuildFile; fileRef = C2F9D5461639CBEF00D588A4 /* UIKit.framework */; };
		C2F9D5701639CBEF00D588A4 /* Foundation.framework in Frameworks */ = {isa = PBXBuildFile; fileRef = C2F9D5481639CBEF00D588A4 /* Foundation.framework */; };
		C2F9D5781639CBEF00D588A4 /* InfoPlist.strings in Resources */ = {isa = PBXBuildFile; fileRef = C2F9D5761639CBEF00D588A4 /* InfoPlist.strings */; };
		C2F9D57B1639CBEF00D588A4 /* DateComponentsPickerTests.m in Sources */ = {isa = PBXBuildFile; fileRef = C2F9D57A1639CBEF00D588A4 /* DateComponentsPickerTests.m */; };
		C2F9D5A51639DD1700D588A4 /* MTDateComponentsPicker.m in Sources */ = {isa = PBXBuildFile; fileRef = C2F9D5851639CBFB00D588A4 /* MTDateComponentsPicker.m */; };
/* End PBXBuildFile section */

/* Begin PBXContainerItemProxy section */
		C2F9D5711639CBEF00D588A4 /* PBXContainerItemProxy */ = {
			isa = PBXContainerItemProxy;
			containerPortal = C2F9D5391639CBEF00D588A4 /* Project object */;
			proxyType = 1;
			remoteGlobalIDString = C2F9D5411639CBEF00D588A4;
			remoteInfo = DateComponentsPicker;
		};
/* End PBXContainerItemProxy section */

/* Begin PBXFileReference section */
		435C4A8748734B6A9288A70D /* Pods.xcconfig */ = {isa = PBXFileReference; includeInIndex = 1; lastKnownFileType = text.xcconfig; name = Pods.xcconfig; path = Pods/Pods.xcconfig; sourceTree = SOURCE_ROOT; };
		C2F9D5421639CBEF00D588A4 /* MTDateComponentsPicker.app */ = {isa = PBXFileReference; explicitFileType = wrapper.application; includeInIndex = 0; path = MTDateComponentsPicker.app; sourceTree = BUILT_PRODUCTS_DIR; };
		C2F9D5461639CBEF00D588A4 /* UIKit.framework */ = {isa = PBXFileReference; includeInIndex = 1; lastKnownFileType = wrapper.framework; name = UIKit.framework; path = System/Library/Frameworks/UIKit.framework; sourceTree = SDKROOT; };
		C2F9D5481639CBEF00D588A4 /* Foundation.framework */ = {isa = PBXFileReference; includeInIndex = 1; lastKnownFileType = wrapper.framework; name = Foundation.framework; path = System/Library/Frameworks/Foundation.framework; sourceTree = SDKROOT; };
		C2F9D54A1639CBEF00D588A4 /* CoreGraphics.framework */ = {isa = PBXFileReference; includeInIndex = 1; lastKnownFileType = wrapper.framework; name = CoreGraphics.framework; path = System/Library/Frameworks/CoreGraphics.framework; sourceTree = SDKROOT; };
		C2F9D54E1639CBEF00D588A4 /* MTDateComponentsPicker-Info.plist */ = {isa = PBXFileReference; lastKnownFileType = text.plist.xml; path = "MTDateComponentsPicker-Info.plist"; sourceTree = "<group>"; };
		C2F9D5501639CBEF00D588A4 /* en */ = {isa = PBXFileReference; lastKnownFileType = text.plist.strings; name = en; path = en.lproj/InfoPlist.strings; sourceTree = "<group>"; };
		C2F9D5521639CBEF00D588A4 /* main.m */ = {isa = PBXFileReference; lastKnownFileType = sourcecode.c.objc; path = main.m; sourceTree = "<group>"; };
		C2F9D5541639CBEF00D588A4 /* MTDateComponentsPicker-Prefix.pch */ = {isa = PBXFileReference; lastKnownFileType = sourcecode.c.h; path = "MTDateComponentsPicker-Prefix.pch"; sourceTree = "<group>"; };
		C2F9D5551639CBEF00D588A4 /* MTAppDelegate.h */ = {isa = PBXFileReference; lastKnownFileType = sourcecode.c.h; path = MTAppDelegate.h; sourceTree = "<group>"; };
		C2F9D5561639CBEF00D588A4 /* MTAppDelegate.m */ = {isa = PBXFileReference; lastKnownFileType = sourcecode.c.objc; path = MTAppDelegate.m; sourceTree = "<group>"; };
		C2F9D5581639CBEF00D588A4 /* Default.png */ = {isa = PBXFileReference; lastKnownFileType = image.png; path = Default.png; sourceTree = "<group>"; };
		C2F9D55A1639CBEF00D588A4 /* Default@2x.png */ = {isa = PBXFileReference; lastKnownFileType = image.png; path = "Default@2x.png"; sourceTree = "<group>"; };
		C2F9D55C1639CBEF00D588A4 /* Default-568h@2x.png */ = {isa = PBXFileReference; lastKnownFileType = image.png; path = "Default-568h@2x.png"; sourceTree = "<group>"; };
		C2F9D55F1639CBEF00D588A4 /* en */ = {isa = PBXFileReference; lastKnownFileType = file.storyboard; name = en; path = en.lproj/MainStoryboard_iPhone.storyboard; sourceTree = "<group>"; };
		C2F9D5621639CBEF00D588A4 /* en */ = {isa = PBXFileReference; lastKnownFileType = file.storyboard; name = en; path = en.lproj/MainStoryboard_iPad.storyboard; sourceTree = "<group>"; };
		C2F9D5641639CBEF00D588A4 /* MTViewController.h */ = {isa = PBXFileReference; lastKnownFileType = sourcecode.c.h; path = MTViewController.h; sourceTree = "<group>"; };
		C2F9D5651639CBEF00D588A4 /* MTViewController.m */ = {isa = PBXFileReference; lastKnownFileType = sourcecode.c.objc; path = MTViewController.m; sourceTree = "<group>"; };
		C2F9D56C1639CBEF00D588A4 /* MTDateComponentsPickerTests.octest */ = {isa = PBXFileReference; explicitFileType = wrapper.cfbundle; includeInIndex = 0; path = MTDateComponentsPickerTests.octest; sourceTree = BUILT_PRODUCTS_DIR; };
		C2F9D56D1639CBEF00D588A4 /* SenTestingKit.framework */ = {isa = PBXFileReference; lastKnownFileType = wrapper.framework; name = SenTestingKit.framework; path = Library/Frameworks/SenTestingKit.framework; sourceTree = DEVELOPER_DIR; };
		C2F9D5751639CBEF00D588A4 /* MTDateComponentsPickerTests-Info.plist */ = {isa = PBXFileReference; lastKnownFileType = text.plist.xml; path = "MTDateComponentsPickerTests-Info.plist"; sourceTree = "<group>"; };
		C2F9D5771639CBEF00D588A4 /* en */ = {isa = PBXFileReference; lastKnownFileType = text.plist.strings; name = en; path = en.lproj/InfoPlist.strings; sourceTree = "<group>"; };
		C2F9D5791639CBEF00D588A4 /* DateComponentsPickerTests.h */ = {isa = PBXFileReference; lastKnownFileType = sourcecode.c.h; path = DateComponentsPickerTests.h; sourceTree = "<group>"; };
		C2F9D57A1639CBEF00D588A4 /* DateComponentsPickerTests.m */ = {isa = PBXFileReference; lastKnownFileType = sourcecode.c.objc; path = DateComponentsPickerTests.m; sourceTree = "<group>"; };
		C2F9D5841639CBFB00D588A4 /* MTDateComponentsPicker.h */ = {isa = PBXFileReference; fileEncoding = 4; lastKnownFileType = sourcecode.c.h; path = MTDateComponentsPicker.h; sourceTree = "<group>"; };
		C2F9D5851639CBFB00D588A4 /* MTDateComponentsPicker.m */ = {isa = PBXFileReference; fileEncoding = 4; lastKnownFileType = sourcecode.c.objc; path = MTDateComponentsPicker.m; sourceTree = "<group>"; };
		D90E10D4CEC64DFC942B1907 /* libPods.a */ = {isa = PBXFileReference; explicitFileType = archive.ar; includeInIndex = 0; path = libPods.a; sourceTree = BUILT_PRODUCTS_DIR; };
/* End PBXFileReference section */

/* Begin PBXFrameworksBuildPhase section */
		C2F9D53F1639CBEF00D588A4 /* Frameworks */ = {
			isa = PBXFrameworksBuildPhase;
			buildActionMask = 2147483647;
			files = (
				C2F9D5471639CBEF00D588A4 /* UIKit.framework in Frameworks */,
				C2F9D5491639CBEF00D588A4 /* Foundation.framework in Frameworks */,
				C2F9D54B1639CBEF00D588A4 /* CoreGraphics.framework in Frameworks */,
				A4732A23C446492390251901 /* libPods.a in Frameworks */,
			);
			runOnlyForDeploymentPostprocessing = 0;
		};
		C2F9D5681639CBEF00D588A4 /* Frameworks */ = {
			isa = PBXFrameworksBuildPhase;
			buildActionMask = 2147483647;
			files = (
				C2F9D56E1639CBEF00D588A4 /* SenTestingKit.framework in Frameworks */,
				C2F9D56F1639CBEF00D588A4 /* UIKit.framework in Frameworks */,
				C2F9D5701639CBEF00D588A4 /* Foundation.framework in Frameworks */,
			);
			runOnlyForDeploymentPostprocessing = 0;
		};
/* End PBXFrameworksBuildPhase section */

/* Begin PBXGroup section */
		C2F9D5371639CBEF00D588A4 = {
			isa = PBXGroup;
			children = (
				C2F9D54C1639CBEF00D588A4 /* DateComponentsPicker */,
				C2F9D5731639CBEF00D588A4 /* DateComponentsPickerTests */,
				C2F9D5451639CBEF00D588A4 /* Frameworks */,
				C2F9D5431639CBEF00D588A4 /* Products */,
				435C4A8748734B6A9288A70D /* Pods.xcconfig */,
			);
			sourceTree = "<group>";
		};
		C2F9D5431639CBEF00D588A4 /* Products */ = {
			isa = PBXGroup;
			children = (
				C2F9D5421639CBEF00D588A4 /* MTDateComponentsPicker.app */,
				C2F9D56C1639CBEF00D588A4 /* MTDateComponentsPickerTests.octest */,
			);
			name = Products;
			sourceTree = "<group>";
		};
		C2F9D5451639CBEF00D588A4 /* Frameworks */ = {
			isa = PBXGroup;
			children = (
				C2F9D5461639CBEF00D588A4 /* UIKit.framework */,
				C2F9D5481639CBEF00D588A4 /* Foundation.framework */,
				C2F9D54A1639CBEF00D588A4 /* CoreGraphics.framework */,
				C2F9D56D1639CBEF00D588A4 /* SenTestingKit.framework */,
				D90E10D4CEC64DFC942B1907 /* libPods.a */,
			);
			name = Frameworks;
			sourceTree = "<group>";
		};
		C2F9D54C1639CBEF00D588A4 /* DateComponentsPicker */ = {
			isa = PBXGroup;
			children = (
				C2F9D5551639CBEF00D588A4 /* MTAppDelegate.h */,
				C2F9D5561639CBEF00D588A4 /* MTAppDelegate.m */,
				C2F9D55E1639CBEF00D588A4 /* MainStoryboard_iPhone.storyboard */,
				C2F9D5611639CBEF00D588A4 /* MainStoryboard_iPad.storyboard */,
				C2F9D5641639CBEF00D588A4 /* MTViewController.h */,
				C2F9D5651639CBEF00D588A4 /* MTViewController.m */,
				C2F9D5841639CBFB00D588A4 /* MTDateComponentsPicker.h */,
				C2F9D5851639CBFB00D588A4 /* MTDateComponentsPicker.m */,
				C2F9D54D1639CBEF00D588A4 /* Supporting Files */,
			);
			path = DateComponentsPicker;
			sourceTree = "<group>";
		};
		C2F9D54D1639CBEF00D588A4 /* Supporting Files */ = {
			isa = PBXGroup;
			children = (
				C2F9D54E1639CBEF00D588A4 /* MTDateComponentsPicker-Info.plist */,
				C2F9D54F1639CBEF00D588A4 /* InfoPlist.strings */,
				C2F9D5521639CBEF00D588A4 /* main.m */,
				C2F9D5541639CBEF00D588A4 /* MTDateComponentsPicker-Prefix.pch */,
				C2F9D5581639CBEF00D588A4 /* Default.png */,
				C2F9D55A1639CBEF00D588A4 /* Default@2x.png */,
				C2F9D55C1639CBEF00D588A4 /* Default-568h@2x.png */,
			);
			name = "Supporting Files";
			sourceTree = "<group>";
		};
		C2F9D5731639CBEF00D588A4 /* DateComponentsPickerTests */ = {
			isa = PBXGroup;
			children = (
				C2F9D5791639CBEF00D588A4 /* DateComponentsPickerTests.h */,
				C2F9D57A1639CBEF00D588A4 /* DateComponentsPickerTests.m */,
				C2F9D5741639CBEF00D588A4 /* Supporting Files */,
			);
			path = DateComponentsPickerTests;
			sourceTree = "<group>";
		};
		C2F9D5741639CBEF00D588A4 /* Supporting Files */ = {
			isa = PBXGroup;
			children = (
				C2F9D5751639CBEF00D588A4 /* MTDateComponentsPickerTests-Info.plist */,
				C2F9D5761639CBEF00D588A4 /* InfoPlist.strings */,
			);
			name = "Supporting Files";
			sourceTree = "<group>";
		};
/* End PBXGroup section */

/* Begin PBXNativeTarget section */
		C2F9D5411639CBEF00D588A4 /* MTDateComponentsPicker */ = {
			isa = PBXNativeTarget;
			buildConfigurationList = C2F9D57E1639CBEF00D588A4 /* Build configuration list for PBXNativeTarget "MTDateComponentsPicker" */;
			buildPhases = (
				C2F9D53E1639CBEF00D588A4 /* Sources */,
				C2F9D53F1639CBEF00D588A4 /* Frameworks */,
				C2F9D5401639CBEF00D588A4 /* Resources */,
				491DBBBD5772417A8EF8F41C /* Copy Pods Resources */,
			);
			buildRules = (
			);
			dependencies = (
			);
			name = MTDateComponentsPicker;
			productName = DateComponentsPicker;
			productReference = C2F9D5421639CBEF00D588A4 /* MTDateComponentsPicker.app */;
			productType = "com.apple.product-type.application";
		};
		C2F9D56B1639CBEF00D588A4 /* MTDateComponentsPickerTests */ = {
			isa = PBXNativeTarget;
			buildConfigurationList = C2F9D5811639CBEF00D588A4 /* Build configuration list for PBXNativeTarget "MTDateComponentsPickerTests" */;
			buildPhases = (
				C2F9D5671639CBEF00D588A4 /* Sources */,
				C2F9D5681639CBEF00D588A4 /* Frameworks */,
				C2F9D5691639CBEF00D588A4 /* Resources */,
				C2F9D56A1639CBEF00D588A4 /* ShellScript */,
			);
			buildRules = (
			);
			dependencies = (
				C2F9D5721639CBEF00D588A4 /* PBXTargetDependency */,
			);
			name = MTDateComponentsPickerTests;
			productName = DateComponentsPickerTests;
			productReference = C2F9D56C1639CBEF00D588A4 /* MTDateComponentsPickerTests.octest */;
			productType = "com.apple.product-type.bundle";
		};
/* End PBXNativeTarget section */

/* Begin PBXProject section */
		C2F9D5391639CBEF00D588A4 /* Project object */ = {
			isa = PBXProject;
			attributes = {
				CLASSPREFIX = MT;
				LastUpgradeCheck = 0450;
				ORGANIZATIONNAME = "Mysterious Trousers";
			};
			buildConfigurationList = C2F9D53C1639CBEF00D588A4 /* Build configuration list for PBXProject "MTDateComponentsPicker" */;
			compatibilityVersion = "Xcode 3.2";
			developmentRegion = English;
			hasScannedForEncodings = 0;
			knownRegions = (
				en,
			);
			mainGroup = C2F9D5371639CBEF00D588A4;
			productRefGroup = C2F9D5431639CBEF00D588A4 /* Products */;
			projectDirPath = "";
			projectRoot = "";
			targets = (
				C2F9D5411639CBEF00D588A4 /* MTDateComponentsPicker */,
				C2F9D56B1639CBEF00D588A4 /* MTDateComponentsPickerTests */,
			);
		};
/* End PBXProject section */

/* Begin PBXResourcesBuildPhase section */
		C2F9D5401639CBEF00D588A4 /* Resources */ = {
			isa = PBXResourcesBuildPhase;
			buildActionMask = 2147483647;
			files = (
				C2F9D5511639CBEF00D588A4 /* InfoPlist.strings in Resources */,
				C2F9D5591639CBEF00D588A4 /* Default.png in Resources */,
				C2F9D55B1639CBEF00D588A4 /* Default@2x.png in Resources */,
				C2F9D55D1639CBEF00D588A4 /* Default-568h@2x.png in Resources */,
				C2F9D5601639CBEF00D588A4 /* MainStoryboard_iPhone.storyboard in Resources */,
				C2F9D5631639CBEF00D588A4 /* MainStoryboard_iPad.storyboard in Resources */,
			);
			runOnlyForDeploymentPostprocessing = 0;
		};
		C2F9D5691639CBEF00D588A4 /* Resources */ = {
			isa = PBXResourcesBuildPhase;
			buildActionMask = 2147483647;
			files = (
				C2F9D5781639CBEF00D588A4 /* InfoPlist.strings in Resources */,
			);
			runOnlyForDeploymentPostprocessing = 0;
		};
/* End PBXResourcesBuildPhase section */

/* Begin PBXShellScriptBuildPhase section */
		491DBBBD5772417A8EF8F41C /* Copy Pods Resources */ = {
			isa = PBXShellScriptBuildPhase;
			buildActionMask = 2147483647;
			files = (
			);
			inputPaths = (
			);
			name = "Copy Pods Resources";
			outputPaths = (
			);
			runOnlyForDeploymentPostprocessing = 0;
			shellPath = /bin/sh;
			shellScript = "\"${SRCROOT}/Pods/Pods-resources.sh\"\n";
		};
		C2F9D56A1639CBEF00D588A4 /* ShellScript */ = {
			isa = PBXShellScriptBuildPhase;
			buildActionMask = 2147483647;
			files = (
			);
			inputPaths = (
			);
			outputPaths = (
			);
			runOnlyForDeploymentPostprocessing = 0;
			shellPath = /bin/sh;
			shellScript = "# Run the unit tests in this test bundle.\n\"${SYSTEM_DEVELOPER_DIR}/Tools/RunUnitTests\"\n";
		};
/* End PBXShellScriptBuildPhase section */

/* Begin PBXSourcesBuildPhase section */
		C2F9D53E1639CBEF00D588A4 /* Sources */ = {
			isa = PBXSourcesBuildPhase;
			buildActionMask = 2147483647;
			files = (
				C2F9D5531639CBEF00D588A4 /* main.m in Sources */,
				C2F9D5571639CBEF00D588A4 /* MTAppDelegate.m in Sources */,
				C2F9D5661639CBEF00D588A4 /* MTViewController.m in Sources */,
				C2F9D5A51639DD1700D588A4 /* MTDateComponentsPicker.m in Sources */,
			);
			runOnlyForDeploymentPostprocessing = 0;
		};
		C2F9D5671639CBEF00D588A4 /* Sources */ = {
			isa = PBXSourcesBuildPhase;
			buildActionMask = 2147483647;
			files = (
				C2F9D57B1639CBEF00D588A4 /* DateComponentsPickerTests.m in Sources */,
			);
			runOnlyForDeploymentPostprocessing = 0;
		};
/* End PBXSourcesBuildPhase section */

/* Begin PBXTargetDependency section */
		C2F9D5721639CBEF00D588A4 /* PBXTargetDependency */ = {
			isa = PBXTargetDependency;
			target = C2F9D5411639CBEF00D588A4 /* MTDateComponentsPicker */;
			targetProxy = C2F9D5711639CBEF00D588A4 /* PBXContainerItemProxy */;
		};
/* End PBXTargetDependency section */

/* Begin PBXVariantGroup section */
		C2F9D54F1639CBEF00D588A4 /* InfoPlist.strings */ = {
			isa = PBXVariantGroup;
			children = (
				C2F9D5501639CBEF00D588A4 /* en */,
			);
			name = InfoPlist.strings;
			sourceTree = "<group>";
		};
		C2F9D55E1639CBEF00D588A4 /* MainStoryboard_iPhone.storyboard */ = {
			isa = PBXVariantGroup;
			children = (
				C2F9D55F1639CBEF00D588A4 /* en */,
			);
			name = MainStoryboard_iPhone.storyboard;
			sourceTree = "<group>";
		};
		C2F9D5611639CBEF00D588A4 /* MainStoryboard_iPad.storyboard */ = {
			isa = PBXVariantGroup;
			children = (
				C2F9D5621639CBEF00D588A4 /* en */,
			);
			name = MainStoryboard_iPad.storyboard;
			sourceTree = "<group>";
		};
		C2F9D5761639CBEF00D588A4 /* InfoPlist.strings */ = {
			isa = PBXVariantGroup;
			children = (
				C2F9D5771639CBEF00D588A4 /* en */,
			);
			name = InfoPlist.strings;
			sourceTree = "<group>";
		};
/* End PBXVariantGroup section */

/* Begin XCBuildConfiguration section */
		C2F9D57C1639CBEF00D588A4 /* Debug */ = {
			isa = XCBuildConfiguration;
			buildSettings = {
				ALWAYS_SEARCH_USER_PATHS = NO;
				CLANG_CXX_LANGUAGE_STANDARD = "gnu++0x";
				CLANG_CXX_LIBRARY = "libc++";
				CLANG_ENABLE_OBJC_ARC = YES;
				CLANG_WARN_EMPTY_BODY = YES;
				CLANG_WARN__DUPLICATE_METHOD_MATCH = YES;
				"CODE_SIGN_IDENTITY[sdk=iphoneos*]" = "iPhone Developer";
				COPY_PHASE_STRIP = NO;
				GCC_C_LANGUAGE_STANDARD = gnu99;
				GCC_DYNAMIC_NO_PIC = NO;
				GCC_OPTIMIZATION_LEVEL = 0;
				GCC_PREPROCESSOR_DEFINITIONS = (
					"DEBUG=1",
					"$(inherited)",
				);
				GCC_SYMBOLS_PRIVATE_EXTERN = NO;
				GCC_WARN_ABOUT_RETURN_TYPE = YES;
				GCC_WARN_UNINITIALIZED_AUTOS = YES;
				GCC_WARN_UNUSED_VARIABLE = YES;
				IPHONEOS_DEPLOYMENT_TARGET = 5.1;
				ONLY_ACTIVE_ARCH = YES;
				SDKROOT = iphoneos;
				TARGETED_DEVICE_FAMILY = "1,2";
			};
			name = Debug;
		};
		C2F9D57D1639CBEF00D588A4 /* Release */ = {
			isa = XCBuildConfiguration;
			buildSettings = {
				ALWAYS_SEARCH_USER_PATHS = NO;
				CLANG_CXX_LANGUAGE_STANDARD = "gnu++0x";
				CLANG_CXX_LIBRARY = "libc++";
				CLANG_ENABLE_OBJC_ARC = YES;
				CLANG_WARN_EMPTY_BODY = YES;
				CLANG_WARN__DUPLICATE_METHOD_MATCH = YES;
				"CODE_SIGN_IDENTITY[sdk=iphoneos*]" = "iPhone Developer";
				COPY_PHASE_STRIP = YES;
				GCC_C_LANGUAGE_STANDARD = gnu99;
				GCC_WARN_ABOUT_RETURN_TYPE = YES;
				GCC_WARN_UNINITIALIZED_AUTOS = YES;
				GCC_WARN_UNUSED_VARIABLE = YES;
				IPHONEOS_DEPLOYMENT_TARGET = 5.1;
				OTHER_CFLAGS = "-DNS_BLOCK_ASSERTIONS=1";
				SDKROOT = iphoneos;
				TARGETED_DEVICE_FAMILY = "1,2";
				VALIDATE_PRODUCT = YES;
			};
			name = Release;
		};
		C2F9D57F1639CBEF00D588A4 /* Debug */ = {
			isa = XCBuildConfiguration;
			baseConfigurationReference = 435C4A8748734B6A9288A70D /* Pods.xcconfig */;
			buildSettings = {
				GCC_PRECOMPILE_PREFIX_HEADER = YES;
				GCC_PREFIX_HEADER = "DateComponentsPicker/MTDateComponentsPicker-Prefix.pch";
				INFOPLIST_FILE = "DateComponentsPicker/MTDateComponentsPicker-Info.plist";
				PRODUCT_NAME = MTDateComponentsPicker;
				WRAPPER_EXTENSION = app;
			};
			name = Debug;
		};
		C2F9D5801639CBEF00D588A4 /* Release */ = {
			isa = XCBuildConfiguration;
			baseConfigurationReference = 435C4A8748734B6A9288A70D /* Pods.xcconfig */;
			buildSettings = {
				GCC_PRECOMPILE_PREFIX_HEADER = YES;
				GCC_PREFIX_HEADER = "DateComponentsPicker/MTDateComponentsPicker-Prefix.pch";
				INFOPLIST_FILE = "DateComponentsPicker/MTDateComponentsPicker-Info.plist";
				PRODUCT_NAME = MTDateComponentsPicker;
				WRAPPER_EXTENSION = app;
			};
			name = Release;
		};
		C2F9D5821639CBEF00D588A4 /* Debug */ = {
			isa = XCBuildConfiguration;
			buildSettings = {
				BUNDLE_LOADER = "$(BUILT_PRODUCTS_DIR)/DateComponentsPicker.app/DateComponentsPicker";
				FRAMEWORK_SEARCH_PATHS = (
					"\"$(SDKROOT)/Developer/Library/Frameworks\"",
					"\"$(DEVELOPER_LIBRARY_DIR)/Frameworks\"",
				);
				GCC_PRECOMPILE_PREFIX_HEADER = YES;
				GCC_PREFIX_HEADER = "DateComponentsPicker/DateComponentsPicker-Prefix.pch";
				INFOPLIST_FILE = "DateComponentsPickerTests/MTDateComponentsPickerTests-Info.plist";
				PRODUCT_NAME = MTDateComponentsPickerTests;
				TEST_HOST = "$(BUNDLE_LOADER)";
				WRAPPER_EXTENSION = octest;
			};
			name = Debug;
		};
		C2F9D5831639CBEF00D588A4 /* Release */ = {
			isa = XCBuildConfiguration;
			buildSettings = {
				BUNDLE_LOADER = "$(BUILT_PRODUCTS_DIR)/DateComponentsPicker.app/DateComponentsPicker";
				FRAMEWORK_SEARCH_PATHS = (
					"\"$(SDKROOT)/Developer/Library/Frameworks\"",
					"\"$(DEVELOPER_LIBRARY_DIR)/Frameworks\"",
				);
				GCC_PRECOMPILE_PREFIX_HEADER = YES;
				GCC_PREFIX_HEADER = "DateComponentsPicker/DateComponentsPicker-Prefix.pch";
				INFOPLIST_FILE = "DateComponentsPickerTests/MTDateComponentsPickerTests-Info.plist";
				PRODUCT_NAME = MTDateComponentsPickerTests;
				TEST_HOST = "$(BUNDLE_LOADER)";
				WRAPPER_EXTENSION = octest;
			};
			name = Release;
		};
/* End XCBuildConfiguration section */

/* Begin XCConfigurationList section */
		C2F9D53C1639CBEF00D588A4 /* Build configuration list for PBXProject "MTDateComponentsPicker" */ = {
			isa = XCConfigurationList;
			buildConfigurations = (
				C2F9D57C1639CBEF00D588A4 /* Debug */,
				C2F9D57D1639CBEF00D588A4 /* Release */,
			);
			defaultConfigurationIsVisible = 0;
			defaultConfigurationName = Release;
		};
		C2F9D57E1639CBEF00D588A4 /* Build configuration list for PBXNativeTarget "MTDateComponentsPicker" */ = {
			isa = XCConfigurationList;
			buildConfigurations = (
				C2F9D57F1639CBEF00D588A4 /* Debug */,
				C2F9D5801639CBEF00D588A4 /* Release */,
			);
			defaultConfigurationIsVisible = 0;
			defaultConfigurationName = Release;
		};
		C2F9D5811639CBEF00D588A4 /* Build configuration list for PBXNativeTarget "MTDateComponentsPickerTests" */ = {
			isa = XCConfigurationList;
			buildConfigurations = (
				C2F9D5821639CBEF00D588A4 /* Debug */,
				C2F9D5831639CBEF00D588A4 /* Release */,
			);
			defaultConfigurationIsVisible = 0;
			defaultConfigurationName = Release;
		};
/* End XCConfigurationList section */
	};
	rootObject = C2F9D5391639CBEF00D588A4 /* Project object */;
}
